# This file is machine-generated by `gh actions-lock`.
# Do not edit by hand; run `gh actions-lock` to update.
# Docs: https://gh.io/actions-lockfile
version: 'v0.0.2'
workflows:
    '.github/workflows/codeql.yml':
        - 'actions/checkout@v7.0.1'
        - 'extractions/setup-just@v4.0.0'
        - 'github/codeql-action@v4.38.1'
    '.github/workflows/contracts.yml':
        - 'actions/cache@v6.1.0'
        - 'actions/checkout@v7.0.1'
        - 'actions/setup-node@v7.0.0'
        - 'extractions/setup-just@v4.0.0'
    '.github/workflows/core.yml':
        - 'actions/cache@v6.1.0'
        - 'actions/checkout@v7.0.1'
        - 'extractions/setup-just@v4.0.0'
        - 'oven-sh/setup-bun@v2.2.0'
        - 'taiki-e/install-action@v2.87.13'
    '.github/workflows/release.yml':
        - 'actions/cache@v6.1.0'
        - 'actions/checkout@v7.0.1'
        - 'actions/create-github-app-token@v3.2.0'
        - 'actions/download-artifact@v8.0.1'
        - 'actions/upload-artifact@v7.0.1'
        - 'extractions/setup-just@v4.0.0'
    '.github/workflows/swift-release.yml':
        - 'actions/cache@v6.1.0'
        - 'actions/checkout@v7.0.1'
        - 'actions/create-github-app-token@v3.2.0'
        - 'extractions/setup-just@v4.0.0'
dependencies:
    'actions/cache@v6.1.0':
        ref: 'v6.1.0'
        commit: 'sha1-55cc8345863c7cc4c66a329aec7e433d2d1c52a9'
        owner_id: 44036562
        repo_id: 215566462
    'actions/checkout@v7.0.1':
        ref: 'v7.0.1'
        commit: 'sha1-3d3c42e5aac5ba805825da76410c181273ba90b1'
        owner_id: 44036562
        repo_id: 197814629
    'actions/create-github-app-token@v3.2.0':
        ref: 'v3.2.0'
        commit: 'sha1-bcd2ba49218906704ab6c1aa796996da409d3eb1'
        owner_id: 44036562
        repo_id: 642580244
    'actions/download-artifact@v8.0.1':
        ref: 'v8.0.1'
        commit: 'sha1-3e5f45b2cfb9172054b4087a40e8e0b5a5461e7c'
        owner_id: 44036562
        repo_id: 192626254
    'actions/setup-node@v7.0.0':
        ref: 'v7.0.0'
        commit: 'sha1-820762786026740c76f36085b0efc47a31fe5020'
        owner_id: 44036562
        repo_id: 189476904
    'actions/upload-artifact@v7.0.1':
        ref: 'v7.0.1'
        commit: 'sha1-043fb46d1a93c77aae656e7c1c64a875d1fc6a0a'
        owner_id: 44036562
        repo_id: 192625955
    'extractions/setup-crate@0551596312d4008a6dfbc4d3c38fa20eaef46d2d':
        ref: 'v2.0.0'
        commit: 'sha1-0551596312d4008a6dfbc4d3c38fa20eaef46d2d'
        owner_id: 64203070
        repo_id: 341105718
    'extractions/setup-just@v4.0.0':
        ref: 'v4.0.0'
        commit: 'sha1-53165ef7e734c5c07cb06b3c8e7b647c5aa16db3'
        owner_id: 64203070
        repo_id: 258510356
        uses:
            - 'extractions/setup-crate@0551596312d4008a6dfbc4d3c38fa20eaef46d2d'
    'github/codeql-action@v4.38.1':
        ref: 'v4.38.1'
        commit: 'sha1-1c5b675653bb5c22dbe9b12b556ec555138e09fd'
        owner_id: 9919
        repo_id: 259445878
    'oven-sh/setup-bun@v2.2.0':
        ref: 'v2.2.0'
        commit: 'sha1-0c5077e51419868618aeaa5fe8019c62421857d6'
        owner_id: 108928776
        repo_id: 512644635
    'taiki-e/install-action@v2.87.13':
        ref: 'v2.87.13'
        commit: 'sha1-26e9283f268b880168bdbd2c545dfcd60ec2c6ab'
        owner_id: 43724913
        repo_id: 442947557
