# This file is machine-generated by `gh actions-lock`.
# Do not edit by hand; run `gh actions-lock` to update.
# Docs: https://gh.io/actions-lockfile
version: 'v0.0.2'
workflows:
    '.github/workflows/contracts.yml':
        - 'actions/checkout@v7.0.1'
        - 'actions/setup-node@v7.0.0'
        - 'extractions/setup-just@v4.0.0'
        - 'swatinem/rust-cache@v2.9.2'
    '.github/workflows/core.yml':
        - 'actions/checkout@v7.0.1'
        - 'extractions/setup-just@v4.0.0'
    '.github/workflows/release.yml':
        - 'actions/checkout@v4.4.0'
        - 'actions/upload-artifact@v4.6.2'
        - 'extractions/setup-just@v3.1.0'
dependencies:
    'actions/checkout@v4.4.0':
        ref: 'v4.4.0'
        commit: 'sha1-11d5960a326750d5838078e36cf38b85af677262'
        owner_id: 44036562
        repo_id: 197814629
    'actions/checkout@v7.0.1':
        ref: 'v7.0.1'
        commit: 'sha1-3d3c42e5aac5ba805825da76410c181273ba90b1'
        owner_id: 44036562
        repo_id: 197814629
    'actions/setup-node@v7.0.0':
        ref: 'v7.0.0'
        commit: 'sha1-820762786026740c76f36085b0efc47a31fe5020'
        owner_id: 44036562
        repo_id: 189476904
    'actions/upload-artifact@v4.6.2':
        ref: 'v4.6.2'
        commit: 'sha1-ea165f8d65b6e75b540449e92b4886f43607fa02'
        owner_id: 44036562
        repo_id: 192625955
    'extractions/setup-crate@0551596312d4008a6dfbc4d3c38fa20eaef46d2d':
        ref: 'v2.0.0'
        commit: 'sha1-0551596312d4008a6dfbc4d3c38fa20eaef46d2d'
        owner_id: 64203070
        repo_id: 341105718
    'extractions/setup-crate@4993624604c307fbca528d28a3c8b60fa5ecc859':
        ref: 'v1.4.0'
        commit: 'sha1-4993624604c307fbca528d28a3c8b60fa5ecc859'
        owner_id: 64203070
        repo_id: 341105718
    'extractions/setup-just@v3.1.0':
        ref: 'v3.1.0'
        commit: 'sha1-f8a3cce218d9f83db3a2ecd90e41ac3de6cdfd9b'
        owner_id: 64203070
        repo_id: 258510356
        uses:
            - 'extractions/setup-crate@4993624604c307fbca528d28a3c8b60fa5ecc859'
    'extractions/setup-just@v4.0.0':
        ref: 'v4.0.0'
        commit: 'sha1-53165ef7e734c5c07cb06b3c8e7b647c5aa16db3'
        owner_id: 64203070
        repo_id: 258510356
        uses:
            - 'extractions/setup-crate@0551596312d4008a6dfbc4d3c38fa20eaef46d2d'
    'swatinem/rust-cache@v2.9.2':
        ref: 'v2.9.2'
        commit: 'sha1-6323deb102c322ba6fcbdcafc7e3dddab59af2b6'
        owner_id: 580492
        repo_id: 298565987
